
Microsoft Visual Studio Solution File, Format Version 12.00
# Visual Studio Version 17
VisualStudioVersion = 17.4.33205.214
MinimumVisualStudioVersion = 10.0.40219.1
Project("{9A19103F-16F7-4668-BE54-9A1E7A4F7556}") = "CeeStore", "CeeStore\CeeStore.csproj", "{7967BB3B-5246-4336-9B6E-D036514A229F}"
EndProject
Project("{9A19103F-16F7-4668-BE54-9A1E7A4F7556}") = "CeeStore.DAL", "CeeStore.DAL\CeeStore.DAL.csproj", "{F06B0D64-9282-431D-BDC2-39C09049D8BB}"
EndProject
Project("{9A19103F-16F7-4668-BE54-9A1E7A4F7556}") = "CeeStore.BLL", "CeeStore.BLL\CeeStore.BLL.csproj", "{58C2DD03-7450-4E15-9C1D-331BF483F5C5}"
EndProject
Project("{9A19103F-16F7-4668-BE54-9A1E7A4F7556}") = "CeeStore.Shared", "CeeStore.Shared\CeeStore.Shared.csproj", "{1E93798C-A770-43E6-A4FB-5085BC37894A}"
EndProject
Global
	GlobalSection(SolutionConfigurationPlatforms) = preSolution
		Debug|Any CPU = Debug|Any CPU
		Release|Any CPU = Release|Any CPU
	EndGlobalSection
	GlobalSection(ProjectConfigurationPlatforms) = postSolution
		{7967BB3B-5246-4336-9B6E-D036514A229F}.Debug|Any CPU.ActiveCfg = Debug|Any CPU
		{7967BB3B-5246-4336-9B6E-D036514A229F}.Debug|Any CPU.Build.0 = Debug|Any CPU
		{7967BB3B-5246-4336-9B6E-D036514A229F}.Release|Any CPU.ActiveCfg = Release|Any CPU
		{7967BB3B-5246-4336-9B6E-D036514A229F}.Release|Any CPU.Build.0 = Release|Any CPU
		{F06B0D64-9282-431D-BDC2-39C09049D8BB}.Debug|Any CPU.ActiveCfg = Debug|Any CPU
		{F06B0D64-9282-431D-BDC2-39C09049D8BB}.Debug|Any CPU.Build.0 = Debug|Any CPU
		{F06B0D64-9282-431D-BDC2-39C09049D8BB}.Release|Any CPU.ActiveCfg = Release|Any CPU
		{F06B0D64-9282-431D-BDC2-39C09049D8BB}.Release|Any CPU.Build.0 = Release|Any CPU
		{58C2DD03-7450-4E15-9C1D-331BF483F5C5}.Debug|Any CPU.ActiveCfg = Debug|Any CPU
		{58C2DD03-7450-4E15-9C1D-331BF483F5C5}.Debug|Any CPU.Build.0 = Debug|Any CPU
		{58C2DD03-7450-4E15-9C1D-331BF483F5C5}.Release|Any CPU.ActiveCfg = Release|Any CPU
		{58C2DD03-7450-4E15-9C1D-331BF483F5C5}.Release|Any CPU.Build.0 = Release|Any CPU
		{1E93798C-A770-43E6-A4FB-5085BC37894A}.Debug|Any CPU.ActiveCfg = Debug|Any CPU
		{1E93798C-A770-43E6-A4FB-5085BC37894A}.Debug|Any CPU.Build.0 = Debug|Any CPU
		{1E93798C-A770-43E6-A4FB-5085BC37894A}.Release|Any CPU.ActiveCfg = Release|Any CPU
		{1E93798C-A770-43E6-A4FB-5085BC37894A}.Release|Any CPU.Build.0 = Release|Any CPU
	EndGlobalSection
	GlobalSection(SolutionProperties) = preSolution
		HideSolutionNode = FALSE
	EndGlobalSection
	GlobalSection(ExtensibilityGlobals) = postSolution
		SolutionGuid = {7FB2E187-E190-4460-89F4-62CEC1A5CA02}
	EndGlobalSection
EndGlobal
